// !$*UTF8*$!
{
	archiveVersion = 1;
	classes = {
	};
	objectVersion = 46;
	objects = {

/* Begin PBXFileReference section */
		1D43E4921AC3D72E005DC164 /* shader.cpp */ = {isa = PBXFileReference; lastKnownFileType = sourcecode.cpp.cpp; name = shader.cpp; path = src/shader.cpp; sourceTree = "<group>"; };
		1D43E4941AC3D8A9005DC164 /* shader.vert */ = {isa = PBXFileReference; lastKnownFileType = sourcecode.glsl; name = shader.vert; path = src/shader.vert; sourceTree = "<group>"; };
		1D43E4951AC3D8C2005DC164 /* shader.frag */ = {isa = PBXFileReference; lastKnownFileType = sourcecode.glsl; name = shader.frag; path = src/shader.frag; sourceTree = "<group>"; };
		1D43E4961AC3DA94005DC164 /* shader.hpp */ = {isa = PBXFileReference; lastKnownFileType = sourcecode.cpp.h; name = shader.hpp; path = include/shader.hpp; sourceTree = "<group>"; };
		44F0D8001AC17479000458FA /* main.cu */ = {isa = PBXFileReference; lastKnownFileType = text; name = main.cu; path = src/main.cu; sourceTree = "<group>"; };
		44F0D8021AC17647000458FA /* Makefile */ = {isa = PBXFileReference; lastKnownFileType = sourcecode.make; path = Makefile; sourceTree = "<group>"; xcLanguageSpecificationIdentifier = xcode.lang.sh; };
		44F0D8051AC177DF000458FA /* main.cuh */ = {isa = PBXFileReference; lastKnownFileType = text; name = main.cuh; path = include/main.cuh; sourceTree = "<group>"; xcLanguageSpecificationIdentifier = xcode.lang.cpp; };
		44F0D8071AC8A896000458FA /* moveAtoms.cu */ = {isa = PBXFileReference; lastKnownFileType = text; name = moveAtoms.cu; path = src/moveAtoms.cu; sourceTree = "<group>"; xcLanguageSpecificationIdentifier = xcode.lang.cpp; };
		44F0D8081AC8A8D8000458FA /* moveAtoms.cuh */ = {isa = PBXFileReference; lastKnownFileType = text; name = moveAtoms.cuh; path = include/moveAtoms.cuh; sourceTree = "<group>"; xcLanguageSpecificationIdentifier = xcode.lang.cpp; };
/* End PBXFileReference section */

/* Begin PBXGroup section */
		44F0D7F81AC17422000458FA = {
			isa = PBXGroup;
			children = (
				44F0D8021AC17647000458FA /* Makefile */,
				44F0D8041AC1765F000458FA /* include */,
				44F0D8031AC1764E000458FA /* src */,
			);
			sourceTree = "<group>";
		};
		44F0D8031AC1764E000458FA /* src */ = {
			isa = PBXGroup;
			children = (
				44F0D8001AC17479000458FA /* main.cu */,
				44F0D8071AC8A896000458FA /* moveAtoms.cu */,
				1D43E4921AC3D72E005DC164 /* shader.cpp */,
				1D43E4941AC3D8A9005DC164 /* shader.vert */,
				1D43E4951AC3D8C2005DC164 /* shader.frag */,
			);
			name = src;
			sourceTree = "<group>";
		};
		44F0D8041AC1765F000458FA /* include */ = {
			isa = PBXGroup;
			children = (
				1D43E4961AC3DA94005DC164 /* shader.hpp */,
				44F0D8051AC177DF000458FA /* main.cuh */,
				44F0D8081AC8A8D8000458FA /* moveAtoms.cuh */,
			);
			name = include;
			sourceTree = "<group>";
		};
/* End PBXGroup section */

/* Begin PBXProject section */
		44F0D7F91AC17422000458FA /* Project object */ = {
			isa = PBXProject;
			attributes = {
				LastUpgradeCheck = 0620;
			};
			buildConfigurationList = 44F0D7FC1AC17422000458FA /* Build configuration list for PBXProject "nestedDSMC" */;
			compatibilityVersion = "Xcode 3.2";
			developmentRegion = English;
			hasScannedForEncodings = 0;
			knownRegions = (
				en,
			);
			mainGroup = 44F0D7F81AC17422000458FA;
			projectDirPath = "";
			projectRoot = "";
			targets = (
			);
		};
/* End PBXProject section */

/* Begin XCBuildConfiguration section */
		44F0D7FD1AC17422000458FA /* Debug */ = {
			isa = XCBuildConfiguration;
			buildSettings = {
			};
			name = Debug;
		};
		44F0D7FE1AC17422000458FA /* Release */ = {
			isa = XCBuildConfiguration;
			buildSettings = {
			};
			name = Release;
		};
/* End XCBuildConfiguration section */

/* Begin XCConfigurationList section */
		44F0D7FC1AC17422000458FA /* Build configuration list for PBXProject "nestedDSMC" */ = {
			isa = XCConfigurationList;
			buildConfigurations = (
				44F0D7FD1AC17422000458FA /* Debug */,
				44F0D7FE1AC17422000458FA /* Release */,
			);
			defaultConfigurationIsVisible = 0;
			defaultConfigurationName = Release;
		};
/* End XCConfigurationList section */
	};
	rootObject = 44F0D7F91AC17422000458FA /* Project object */;
}
